
Microsoft Visual Studio Solution File, Format Version 12.00
# Visual Studio 14
VisualStudioVersion = 14.0.25420.1
MinimumVisualStudioVersion = 10.0.40219.1
Project("{FAE04EC0-301F-11D3-BF4B-00C04F79EFBC}") = "ApiNotification", "ApiNotification\ApiNotification.csproj", "{6CA2ED06-919F-44C8-9777-594CA0BA869A}"
EndProject
Project("{FAE04EC0-301F-11D3-BF4B-00C04F79EFBC}") = "ApiNotification.Tests", "ApiNotification.Tests\ApiNotification.Tests.csproj", "{50AE4E15-F1B4-41C9-93A3-72735D87E4EE}"
EndProject
Global
	GlobalSection(SolutionConfigurationPlatforms) = preSolution
		Debug|Any CPU = Debug|Any CPU
		Release|Any CPU = Release|Any CPU
	EndGlobalSection
	GlobalSection(ProjectConfigurationPlatforms) = postSolution
		{6CA2ED06-919F-44C8-9777-594CA0BA869A}.Debug|Any CPU.ActiveCfg = Debug|Any CPU
		{6CA2ED06-919F-44C8-9777-594CA0BA869A}.Debug|Any CPU.Build.0 = Debug|Any CPU
		{6CA2ED06-919F-44C8-9777-594CA0BA869A}.Release|Any CPU.ActiveCfg = Release|Any CPU
		{6CA2ED06-919F-44C8-9777-594CA0BA869A}.Release|Any CPU.Build.0 = Release|Any CPU
		{50AE4E15-F1B4-41C9-93A3-72735D87E4EE}.Debug|Any CPU.ActiveCfg = Debug|Any CPU
		{50AE4E15-F1B4-41C9-93A3-72735D87E4EE}.Debug|Any CPU.Build.0 = Debug|Any CPU
		{50AE4E15-F1B4-41C9-93A3-72735D87E4EE}.Release|Any CPU.ActiveCfg = Release|Any CPU
		{50AE4E15-F1B4-41C9-93A3-72735D87E4EE}.Release|Any CPU.Build.0 = Release|Any CPU
	EndGlobalSection
	GlobalSection(SolutionProperties) = preSolution
		HideSolutionNode = FALSE
	EndGlobalSection
EndGlobal
